# This file is autogenerated, do not edit; changes may be undone by the next 'dep ensure'.


[[projects]]
  digest = "1:4e471543d35bf0e383501c3b45fc8f459cc09292cb854a05655682dc0a2c2e33"
  name = "github.com/line/clova-cek-sdk-go"
  packages = ["cek"]
  pruneopts = "UT"
  revision = "699d3750afa8baebfe9e018e7886bd2e38229441"
  version = "v1.0.0"

[solve-meta]
  analyzer-name = "dep"
  analyzer-version = 1
  input-imports = ["github.com/line/clova-cek-sdk-go/cek"]
  solver-name = "gps-cdcl"
  solver-version = 1
